
Microsoft Visual Studio Solution File, Format Version 12.00
# Visual Studio Version 17
VisualStudioVersion = 17.12.35527.113
MinimumVisualStudioVersion = 10.0.40219.1
Project("{FAE04EC0-301F-11D3-BF4B-00C04F79EFBC}") = "Presentation", "Presentation.csproj", "{CC6BFAE4-6602-4BFC-A73E-1D5154DF1D96}"
EndProject
Project("{FAE04EC0-301F-11D3-BF4B-00C04F79EFBC}") = "Application", "..\Application\Application.csproj", "{21105DD0-7D99-4F61-8864-335AA100F595}"
EndProject
Project("{FAE04EC0-301F-11D3-BF4B-00C04F79EFBC}") = "Core", "..\Core\Core.csproj", "{6459AFAA-4BDD-4607-B612-D01A8C34CE68}"
EndProject
Project("{FAE04EC0-301F-11D3-BF4B-00C04F79EFBC}") = "Infrastructure", "..\Infrastructure\Infrastructure.csproj", "{376E3E89-EADB-4792-9B41-6A897B65644F}"
EndProject
Project("{FAE04EC0-301F-11D3-BF4B-00C04F79EFBC}") = "DTO", "..\DTO\DTO.csproj", "{1FB455E2-2B62-4190-8C7B-8E0B5DF1E7F4}"
EndProject
Project("{FAE04EC0-301F-11D3-BF4B-00C04F79EFBC}") = "API", "..\API\API.csproj", "{D60B32F7-272A-4D72-A1AC-951F43A1644F}"
EndProject
Global
	GlobalSection(SolutionConfigurationPlatforms) = preSolution
		Debug|Any CPU = Debug|Any CPU
		Release|Any CPU = Release|Any CPU
	EndGlobalSection
	GlobalSection(ProjectConfigurationPlatforms) = postSolution
		{CC6BFAE4-6602-4BFC-A73E-1D5154DF1D96}.Debug|Any CPU.ActiveCfg = Debug|Any CPU
		{CC6BFAE4-6602-4BFC-A73E-1D5154DF1D96}.Debug|Any CPU.Build.0 = Debug|Any CPU
		{CC6BFAE4-6602-4BFC-A73E-1D5154DF1D96}.Release|Any CPU.ActiveCfg = Release|Any CPU
		{CC6BFAE4-6602-4BFC-A73E-1D5154DF1D96}.Release|Any CPU.Build.0 = Release|Any CPU
		{21105DD0-7D99-4F61-8864-335AA100F595}.Debug|Any CPU.ActiveCfg = Debug|Any CPU
		{21105DD0-7D99-4F61-8864-335AA100F595}.Debug|Any CPU.Build.0 = Debug|Any CPU
		{21105DD0-7D99-4F61-8864-335AA100F595}.Release|Any CPU.ActiveCfg = Release|Any CPU
		{21105DD0-7D99-4F61-8864-335AA100F595}.Release|Any CPU.Build.0 = Release|Any CPU
		{6459AFAA-4BDD-4607-B612-D01A8C34CE68}.Debug|Any CPU.ActiveCfg = Debug|Any CPU
		{6459AFAA-4BDD-4607-B612-D01A8C34CE68}.Debug|Any CPU.Build.0 = Debug|Any CPU
		{6459AFAA-4BDD-4607-B612-D01A8C34CE68}.Release|Any CPU.ActiveCfg = Release|Any CPU
		{6459AFAA-4BDD-4607-B612-D01A8C34CE68}.Release|Any CPU.Build.0 = Release|Any CPU
		{376E3E89-EADB-4792-9B41-6A897B65644F}.Debug|Any CPU.ActiveCfg = Debug|Any CPU
		{376E3E89-EADB-4792-9B41-6A897B65644F}.Debug|Any CPU.Build.0 = Debug|Any CPU
		{376E3E89-EADB-4792-9B41-6A897B65644F}.Release|Any CPU.ActiveCfg = Release|Any CPU
		{376E3E89-EADB-4792-9B41-6A897B65644F}.Release|Any CPU.Build.0 = Release|Any CPU
		{1FB455E2-2B62-4190-8C7B-8E0B5DF1E7F4}.Debug|Any CPU.ActiveCfg = Debug|Any CPU
		{1FB455E2-2B62-4190-8C7B-8E0B5DF1E7F4}.Debug|Any CPU.Build.0 = Debug|Any CPU
		{1FB455E2-2B62-4190-8C7B-8E0B5DF1E7F4}.Release|Any CPU.ActiveCfg = Release|Any CPU
		{1FB455E2-2B62-4190-8C7B-8E0B5DF1E7F4}.Release|Any CPU.Build.0 = Release|Any CPU
		{D60B32F7-272A-4D72-A1AC-951F43A1644F}.Debug|Any CPU.ActiveCfg = Debug|Any CPU
		{D60B32F7-272A-4D72-A1AC-951F43A1644F}.Debug|Any CPU.Build.0 = Debug|Any CPU
		{D60B32F7-272A-4D72-A1AC-951F43A1644F}.Release|Any CPU.ActiveCfg = Release|Any CPU
		{D60B32F7-272A-4D72-A1AC-951F43A1644F}.Release|Any CPU.Build.0 = Release|Any CPU
	EndGlobalSection
	GlobalSection(SolutionProperties) = preSolution
		HideSolutionNode = FALSE
	EndGlobalSection
EndGlobal
